
Microsoft Visual Studio Solution File, Format Version 12.00
# Visual Studio Version 16
VisualStudioVersion = 16.0.29905.134
MinimumVisualStudioVersion = 10.0.40219.1
Project("{9A19103F-16F7-4668-BE54-9A1E7A4F7556}") = "FlightControlWeb", "FlightControlWeb\FlightControlWeb.csproj", "{F1B9DD10-2147-4B5F-B531-129796B7B47E}"
EndProject
Project("{FAE04EC0-301F-11D3-BF4B-00C04F79EFBC}") = "FlightControlWebTests", "FlightControlWebTests\FlightControlWebTests.csproj", "{6B7D1CF4-73C1-40EA-8AD3-81CE2C68A2C7}"
EndProject
Global
	GlobalSection(SolutionConfigurationPlatforms) = preSolution
		Debug|Any CPU = Debug|Any CPU
		Release|Any CPU = Release|Any CPU
	EndGlobalSection
	GlobalSection(ProjectConfigurationPlatforms) = postSolution
		{F1B9DD10-2147-4B5F-B531-129796B7B47E}.Debug|Any CPU.ActiveCfg = Debug|Any CPU
		{F1B9DD10-2147-4B5F-B531-129796B7B47E}.Debug|Any CPU.Build.0 = Debug|Any CPU
		{F1B9DD10-2147-4B5F-B531-129796B7B47E}.Release|Any CPU.ActiveCfg = Release|Any CPU
		{F1B9DD10-2147-4B5F-B531-129796B7B47E}.Release|Any CPU.Build.0 = Release|Any CPU
		{6B7D1CF4-73C1-40EA-8AD3-81CE2C68A2C7}.Debug|Any CPU.ActiveCfg = Debug|Any CPU
		{6B7D1CF4-73C1-40EA-8AD3-81CE2C68A2C7}.Debug|Any CPU.Build.0 = Debug|Any CPU
		{6B7D1CF4-73C1-40EA-8AD3-81CE2C68A2C7}.Release|Any CPU.ActiveCfg = Release|Any CPU
		{6B7D1CF4-73C1-40EA-8AD3-81CE2C68A2C7}.Release|Any CPU.Build.0 = Release|Any CPU
	EndGlobalSection
	GlobalSection(SolutionProperties) = preSolution
		HideSolutionNode = FALSE
	EndGlobalSection
	GlobalSection(ExtensibilityGlobals) = postSolution
		SolutionGuid = {16BB46C3-CE68-4C2A-8872-5AA676357FDA}
	EndGlobalSection
EndGlobal
